
Microsoft Visual Studio Solution File, Format Version 12.00
# Visual Studio 15
VisualStudioVersion = 15.0.27130.2024
MinimumVisualStudioVersion = 10.0.40219.1
Project("{9A19103F-16F7-4668-BE54-9A1E7A4F7556}") = "SortPersonsByNameAndAge", "SortPersonsByNameAndAge\SortPersonsByNameAndAge.csproj", "{54419B6F-760D-4B1B-9C70-E2A54057BD8D}"
EndProject
Project("{9A19103F-16F7-4668-BE54-9A1E7A4F7556}") = "SalaryIncrease", "SalaryIncrease\SalaryIncrease.csproj", "{EF0C128C-440D-4E28-B53B-5A2E05FA1191}"
EndProject
Project("{9A19103F-16F7-4668-BE54-9A1E7A4F7556}") = "ValidationOfData", "ValidationOfData\ValidationOfData.csproj", "{CFC81164-5A9A-4F15-AC57-391C3D8735D5}"
EndProject
Project("{9A19103F-16F7-4668-BE54-9A1E7A4F7556}") = "FirstAndReserveTeam", "FirstAndReserveTeam\FirstAndReserveTeam.csproj", "{F1D7AB37-F497-43B2-8F1A-AA1EA4A05A05}"
EndProject
Project("{9A19103F-16F7-4668-BE54-9A1E7A4F7556}") = "ClassBox", "ClassBox\ClassBox.csproj", "{8FF06401-5A0B-4AC4-B9F6-47D1A299F6D0}"
EndProject
Project("{9A19103F-16F7-4668-BE54-9A1E7A4F7556}") = "ClassBoxDataValidation", "ClassBoxDataValidation\ClassBoxDataValidation.csproj", "{9585386B-4F01-45EA-AB23-362E4ECBE17F}"
EndProject
Project("{9A19103F-16F7-4668-BE54-9A1E7A4F7556}") = "AnimalFarm", "AnimalFarm\AnimalFarm.csproj", "{5BE16DA5-E898-4EEA-848E-3E839D660C17}"
EndProject
Project("{9A19103F-16F7-4668-BE54-9A1E7A4F7556}") = "ShoppingSpree", "ShoppingSpree\ShoppingSpree.csproj", "{9929EF94-F5EF-47DC-8A2D-C29F2A05F157}"
EndProject
Project("{FAE04EC0-301F-11D3-BF4B-00C04F79EFBC}") = "PizzaCalories", "PizzaCalories\PizzaCalories.csproj", "{09BAE2A2-34EC-4C0C-8D5F-0FFF2B15A913}"
EndProject
Project("{FAE04EC0-301F-11D3-BF4B-00C04F79EFBC}") = "FootballTeamGenerator", "FootballTeamGenerator\FootballTeamGenerator.csproj", "{8591794D-27D8-4139-A5DC-E1B18B8EC47F}"
EndProject
Global
	GlobalSection(SolutionConfigurationPlatforms) = preSolution
		Debug|Any CPU = Debug|Any CPU
		Release|Any CPU = Release|Any CPU
	EndGlobalSection
	GlobalSection(ProjectConfigurationPlatforms) = postSolution
		{54419B6F-760D-4B1B-9C70-E2A54057BD8D}.Debug|Any CPU.ActiveCfg = Debug|Any CPU
		{54419B6F-760D-4B1B-9C70-E2A54057BD8D}.Debug|Any CPU.Build.0 = Debug|Any CPU
		{54419B6F-760D-4B1B-9C70-E2A54057BD8D}.Release|Any CPU.ActiveCfg = Release|Any CPU
		{54419B6F-760D-4B1B-9C70-E2A54057BD8D}.Release|Any CPU.Build.0 = Release|Any CPU
		{EF0C128C-440D-4E28-B53B-5A2E05FA1191}.Debug|Any CPU.ActiveCfg = Debug|Any CPU
		{EF0C128C-440D-4E28-B53B-5A2E05FA1191}.Debug|Any CPU.Build.0 = Debug|Any CPU
		{EF0C128C-440D-4E28-B53B-5A2E05FA1191}.Release|Any CPU.ActiveCfg = Release|Any CPU
		{EF0C128C-440D-4E28-B53B-5A2E05FA1191}.Release|Any CPU.Build.0 = Release|Any CPU
		{CFC81164-5A9A-4F15-AC57-391C3D8735D5}.Debug|Any CPU.ActiveCfg = Debug|Any CPU
		{CFC81164-5A9A-4F15-AC57-391C3D8735D5}.Debug|Any CPU.Build.0 = Debug|Any CPU
		{CFC81164-5A9A-4F15-AC57-391C3D8735D5}.Release|Any CPU.ActiveCfg = Release|Any CPU
		{CFC81164-5A9A-4F15-AC57-391C3D8735D5}.Release|Any CPU.Build.0 = Release|Any CPU
		{F1D7AB37-F497-43B2-8F1A-AA1EA4A05A05}.Debug|Any CPU.ActiveCfg = Debug|Any CPU
		{F1D7AB37-F497-43B2-8F1A-AA1EA4A05A05}.Debug|Any CPU.Build.0 = Debug|Any CPU
		{F1D7AB37-F497-43B2-8F1A-AA1EA4A05A05}.Release|Any CPU.ActiveCfg = Release|Any CPU
		{F1D7AB37-F497-43B2-8F1A-AA1EA4A05A05}.Release|Any CPU.Build.0 = Release|Any CPU
		{8FF06401-5A0B-4AC4-B9F6-47D1A299F6D0}.Debug|Any CPU.ActiveCfg = Debug|Any CPU
		{8FF06401-5A0B-4AC4-B9F6-47D1A299F6D0}.Debug|Any CPU.Build.0 = Debug|Any CPU
		{8FF06401-5A0B-4AC4-B9F6-47D1A299F6D0}.Release|Any CPU.ActiveCfg = Release|Any CPU
		{8FF06401-5A0B-4AC4-B9F6-47D1A299F6D0}.Release|Any CPU.Build.0 = Release|Any CPU
		{9585386B-4F01-45EA-AB23-362E4ECBE17F}.Debug|Any CPU.ActiveCfg = Debug|Any CPU
		{9585386B-4F01-45EA-AB23-362E4ECBE17F}.Debug|Any CPU.Build.0 = Debug|Any CPU
		{9585386B-4F01-45EA-AB23-362E4ECBE17F}.Release|Any CPU.ActiveCfg = Release|Any CPU
		{9585386B-4F01-45EA-AB23-362E4ECBE17F}.Release|Any CPU.Build.0 = Release|Any CPU
		{5BE16DA5-E898-4EEA-848E-3E839D660C17}.Debug|Any CPU.ActiveCfg = Debug|Any CPU
		{5BE16DA5-E898-4EEA-848E-3E839D660C17}.Debug|Any CPU.Build.0 = Debug|Any CPU
		{5BE16DA5-E898-4EEA-848E-3E839D660C17}.Release|Any CPU.ActiveCfg = Release|Any CPU
		{5BE16DA5-E898-4EEA-848E-3E839D660C17}.Release|Any CPU.Build.0 = Release|Any CPU
		{9929EF94-F5EF-47DC-8A2D-C29F2A05F157}.Debug|Any CPU.ActiveCfg = Debug|Any CPU
		{9929EF94-F5EF-47DC-8A2D-C29F2A05F157}.Debug|Any CPU.Build.0 = Debug|Any CPU
		{9929EF94-F5EF-47DC-8A2D-C29F2A05F157}.Release|Any CPU.ActiveCfg = Release|Any CPU
		{9929EF94-F5EF-47DC-8A2D-C29F2A05F157}.Release|Any CPU.Build.0 = Release|Any CPU
		{09BAE2A2-34EC-4C0C-8D5F-0FFF2B15A913}.Debug|Any CPU.ActiveCfg = Debug|Any CPU
		{09BAE2A2-34EC-4C0C-8D5F-0FFF2B15A913}.Debug|Any CPU.Build.0 = Debug|Any CPU
		{09BAE2A2-34EC-4C0C-8D5F-0FFF2B15A913}.Release|Any CPU.ActiveCfg = Release|Any CPU
		{09BAE2A2-34EC-4C0C-8D5F-0FFF2B15A913}.Release|Any CPU.Build.0 = Release|Any CPU
		{8591794D-27D8-4139-A5DC-E1B18B8EC47F}.Debug|Any CPU.ActiveCfg = Debug|Any CPU
		{8591794D-27D8-4139-A5DC-E1B18B8EC47F}.Debug|Any CPU.Build.0 = Debug|Any CPU
		{8591794D-27D8-4139-A5DC-E1B18B8EC47F}.Release|Any CPU.ActiveCfg = Release|Any CPU
		{8591794D-27D8-4139-A5DC-E1B18B8EC47F}.Release|Any CPU.Build.0 = Release|Any CPU
	EndGlobalSection
	GlobalSection(SolutionProperties) = preSolution
		HideSolutionNode = FALSE
	EndGlobalSection
	GlobalSection(ExtensibilityGlobals) = postSolution
		SolutionGuid = {8775AF8A-97CD-4512-B183-6038CDC692C2}
	EndGlobalSection
EndGlobal
