
Microsoft Visual Studio Solution File, Format Version 12.00
# Visual Studio 15
VisualStudioVersion = 15.0.27130.2036
MinimumVisualStudioVersion = 10.0.40219.1
Project("{FAE04EC0-301F-11D3-BF4B-00C04F79EFBC}") = "NeedForSpeedExam", "NeedForSpeedExam\NeedForSpeedExam.csproj", "{5216F5C9-A049-4593-B1D9-01A8BBE6C2FD}"
EndProject
Global
	GlobalSection(SolutionConfigurationPlatforms) = preSolution
		Debug|Any CPU = Debug|Any CPU
		Release|Any CPU = Release|Any CPU
	EndGlobalSection
	GlobalSection(ProjectConfigurationPlatforms) = postSolution
		{5216F5C9-A049-4593-B1D9-01A8BBE6C2FD}.Debug|Any CPU.ActiveCfg = Debug|Any CPU
		{5216F5C9-A049-4593-B1D9-01A8BBE6C2FD}.Debug|Any CPU.Build.0 = Debug|Any CPU
		{5216F5C9-A049-4593-B1D9-01A8BBE6C2FD}.Release|Any CPU.ActiveCfg = Release|Any CPU
		{5216F5C9-A049-4593-B1D9-01A8BBE6C2FD}.Release|Any CPU.Build.0 = Release|Any CPU
	EndGlobalSection
	GlobalSection(SolutionProperties) = preSolution
		HideSolutionNode = FALSE
	EndGlobalSection
	GlobalSection(ExtensibilityGlobals) = postSolution
		SolutionGuid = {A4255484-997D-4704-87A5-6D13BEC86186}
	EndGlobalSection
EndGlobal
