
Microsoft Visual Studio Solution File, Format Version 12.00
# Visual Studio 15
VisualStudioVersion = 15.0.27130.2036
MinimumVisualStudioVersion = 10.0.40219.1
Project("{9A19103F-16F7-4668-BE54-9A1E7A4F7556}") = "RhombusOfStars", "RhombusOfStars\RhombusOfStars.csproj", "{BA2AA618-B5B6-4A21-BD2E-8E572C8EE6B6}"
EndProject
Project("{9A19103F-16F7-4668-BE54-9A1E7A4F7556}") = "PointInRectangle", "PointInRectangle\PointInRectangle.csproj", "{85801B39-3B00-42BC-AE18-67A352185458}"
EndProject
Project("{9A19103F-16F7-4668-BE54-9A1E7A4F7556}") = "StudentSystem", "StudentSystem\StudentSystem.csproj", "{304B9CA6-4FE6-4753-BF01-BB716F2E0952}"
EndProject
Project("{9A19103F-16F7-4668-BE54-9A1E7A4F7556}") = "HotelReservation", "HotelReservation\HotelReservation.csproj", "{A7731C7B-78B0-4C6E-9971-5CF366916A97}"
EndProject
Project("{9A19103F-16F7-4668-BE54-9A1E7A4F7556}") = "RawData", "RawData\RawData.csproj", "{0DB6AAB3-32CE-4327-B18E-ECF42E850B02}"
EndProject
Project("{9A19103F-16F7-4668-BE54-9A1E7A4F7556}") = "CarsSalesman", "CarsSalesman\CarsSalesman.csproj", "{D8B1BF68-2F96-4DA8-B272-2A95628CEE51}"
EndProject
Project("{FAE04EC0-301F-11D3-BF4B-00C04F79EFBC}") = "JadyGalaxy", "JadyGalaxy\JadyGalaxy.csproj", "{5E5B6A6B-2DAA-4546-89ED-A84BE2C87FD8}"
EndProject
Project("{FAE04EC0-301F-11D3-BF4B-00C04F79EFBC}") = "Hospital", "Hospital\Hospital.csproj", "{2B6A11FE-0298-4BB3-813D-DC356E274200}"
EndProject
Project("{FAE04EC0-301F-11D3-BF4B-00C04F79EFBC}") = "GreedyTimes", "GreedyTimes\GreedyTimes.csproj", "{4B59965F-8211-4AE9-9B59-2750BAF87FD9}"
EndProject
Project("{FAE04EC0-301F-11D3-BF4B-00C04F79EFBC}") = "Sneaking", "Sneaking\Sneaking.csproj", "{029C3111-8DE5-4F20-AA04-038EDA757876}"
EndProject
Project("{FAE04EC0-301F-11D3-BF4B-00C04F79EFBC}") = "FamilyTree", "FamilyTree\FamilyTree.csproj", "{EA565100-E332-43A6-8378-532CA7348BA0}"
EndProject
Global
	GlobalSection(SolutionConfigurationPlatforms) = preSolution
		Debug|Any CPU = Debug|Any CPU
		Release|Any CPU = Release|Any CPU
	EndGlobalSection
	GlobalSection(ProjectConfigurationPlatforms) = postSolution
		{BA2AA618-B5B6-4A21-BD2E-8E572C8EE6B6}.Debug|Any CPU.ActiveCfg = Debug|Any CPU
		{BA2AA618-B5B6-4A21-BD2E-8E572C8EE6B6}.Debug|Any CPU.Build.0 = Debug|Any CPU
		{BA2AA618-B5B6-4A21-BD2E-8E572C8EE6B6}.Release|Any CPU.ActiveCfg = Release|Any CPU
		{BA2AA618-B5B6-4A21-BD2E-8E572C8EE6B6}.Release|Any CPU.Build.0 = Release|Any CPU
		{85801B39-3B00-42BC-AE18-67A352185458}.Debug|Any CPU.ActiveCfg = Debug|Any CPU
		{85801B39-3B00-42BC-AE18-67A352185458}.Debug|Any CPU.Build.0 = Debug|Any CPU
		{85801B39-3B00-42BC-AE18-67A352185458}.Release|Any CPU.ActiveCfg = Release|Any CPU
		{85801B39-3B00-42BC-AE18-67A352185458}.Release|Any CPU.Build.0 = Release|Any CPU
		{304B9CA6-4FE6-4753-BF01-BB716F2E0952}.Debug|Any CPU.ActiveCfg = Debug|Any CPU
		{304B9CA6-4FE6-4753-BF01-BB716F2E0952}.Debug|Any CPU.Build.0 = Debug|Any CPU
		{304B9CA6-4FE6-4753-BF01-BB716F2E0952}.Release|Any CPU.ActiveCfg = Release|Any CPU
		{304B9CA6-4FE6-4753-BF01-BB716F2E0952}.Release|Any CPU.Build.0 = Release|Any CPU
		{A7731C7B-78B0-4C6E-9971-5CF366916A97}.Debug|Any CPU.ActiveCfg = Debug|Any CPU
		{A7731C7B-78B0-4C6E-9971-5CF366916A97}.Debug|Any CPU.Build.0 = Debug|Any CPU
		{A7731C7B-78B0-4C6E-9971-5CF366916A97}.Release|Any CPU.ActiveCfg = Release|Any CPU
		{A7731C7B-78B0-4C6E-9971-5CF366916A97}.Release|Any CPU.Build.0 = Release|Any CPU
		{0DB6AAB3-32CE-4327-B18E-ECF42E850B02}.Debug|Any CPU.ActiveCfg = Debug|Any CPU
		{0DB6AAB3-32CE-4327-B18E-ECF42E850B02}.Debug|Any CPU.Build.0 = Debug|Any CPU
		{0DB6AAB3-32CE-4327-B18E-ECF42E850B02}.Release|Any CPU.ActiveCfg = Release|Any CPU
		{0DB6AAB3-32CE-4327-B18E-ECF42E850B02}.Release|Any CPU.Build.0 = Release|Any CPU
		{D8B1BF68-2F96-4DA8-B272-2A95628CEE51}.Debug|Any CPU.ActiveCfg = Debug|Any CPU
		{D8B1BF68-2F96-4DA8-B272-2A95628CEE51}.Debug|Any CPU.Build.0 = Debug|Any CPU
		{D8B1BF68-2F96-4DA8-B272-2A95628CEE51}.Release|Any CPU.ActiveCfg = Release|Any CPU
		{D8B1BF68-2F96-4DA8-B272-2A95628CEE51}.Release|Any CPU.Build.0 = Release|Any CPU
		{5E5B6A6B-2DAA-4546-89ED-A84BE2C87FD8}.Debug|Any CPU.ActiveCfg = Debug|Any CPU
		{5E5B6A6B-2DAA-4546-89ED-A84BE2C87FD8}.Debug|Any CPU.Build.0 = Debug|Any CPU
		{5E5B6A6B-2DAA-4546-89ED-A84BE2C87FD8}.Release|Any CPU.ActiveCfg = Release|Any CPU
		{5E5B6A6B-2DAA-4546-89ED-A84BE2C87FD8}.Release|Any CPU.Build.0 = Release|Any CPU
		{2B6A11FE-0298-4BB3-813D-DC356E274200}.Debug|Any CPU.ActiveCfg = Debug|Any CPU
		{2B6A11FE-0298-4BB3-813D-DC356E274200}.Debug|Any CPU.Build.0 = Debug|Any CPU
		{2B6A11FE-0298-4BB3-813D-DC356E274200}.Release|Any CPU.ActiveCfg = Release|Any CPU
		{2B6A11FE-0298-4BB3-813D-DC356E274200}.Release|Any CPU.Build.0 = Release|Any CPU
		{4B59965F-8211-4AE9-9B59-2750BAF87FD9}.Debug|Any CPU.ActiveCfg = Debug|Any CPU
		{4B59965F-8211-4AE9-9B59-2750BAF87FD9}.Debug|Any CPU.Build.0 = Debug|Any CPU
		{4B59965F-8211-4AE9-9B59-2750BAF87FD9}.Release|Any CPU.ActiveCfg = Release|Any CPU
		{4B59965F-8211-4AE9-9B59-2750BAF87FD9}.Release|Any CPU.Build.0 = Release|Any CPU
		{029C3111-8DE5-4F20-AA04-038EDA757876}.Debug|Any CPU.ActiveCfg = Debug|Any CPU
		{029C3111-8DE5-4F20-AA04-038EDA757876}.Debug|Any CPU.Build.0 = Debug|Any CPU
		{029C3111-8DE5-4F20-AA04-038EDA757876}.Release|Any CPU.ActiveCfg = Release|Any CPU
		{029C3111-8DE5-4F20-AA04-038EDA757876}.Release|Any CPU.Build.0 = Release|Any CPU
		{EA565100-E332-43A6-8378-532CA7348BA0}.Debug|Any CPU.ActiveCfg = Debug|Any CPU
		{EA565100-E332-43A6-8378-532CA7348BA0}.Debug|Any CPU.Build.0 = Debug|Any CPU
		{EA565100-E332-43A6-8378-532CA7348BA0}.Release|Any CPU.ActiveCfg = Release|Any CPU
		{EA565100-E332-43A6-8378-532CA7348BA0}.Release|Any CPU.Build.0 = Release|Any CPU
	EndGlobalSection
	GlobalSection(SolutionProperties) = preSolution
		HideSolutionNode = FALSE
	EndGlobalSection
	GlobalSection(ExtensibilityGlobals) = postSolution
		SolutionGuid = {80450604-224C-4CE3-9F51-7E9CFCF6EA34}
	EndGlobalSection
EndGlobal
